// !$*UTF8*$!
{
	archiveVersion = 1;
	classes = {
	};
	objectVersion = 77;
	objects = {

/* Begin PBXBuildFile section */
		59E51B9B2CD3123200FC75C0 /* FirebaseAnalytics in Frameworks */ = {isa = PBXBuildFile; productRef = 59E51B9A2CD3123200FC75C0 /* FirebaseAnalytics */; };
		59E51B9D2CD3123200FC75C0 /* FirebaseAnalyticsOnDeviceConversion in Frameworks */ = {isa = PBXBuildFile; productRef = 59E51B9C2CD3123200FC75C0 /* FirebaseAnalyticsOnDeviceConversion */; };
		59E51B9F2CD3123200FC75C0 /* FirebaseAnalyticsWithoutAdIdSupport in Frameworks */ = {isa = PBXBuildFile; productRef = 59E51B9E2CD3123200FC75C0 /* FirebaseAnalyticsWithoutAdIdSupport */; };
		59E51BA12CD3123200FC75C0 /* FirebaseAppCheck in Frameworks */ = {isa = PBXBuildFile; productRef = 59E51BA02CD3123200FC75C0 /* FirebaseAppCheck */; };
		59E51BA32CD3123200FC75C0 /* FirebaseAppDistribution-Beta in Frameworks */ = {isa = PBXBuildFile; productRef = 59E51BA22CD3123200FC75C0 /* FirebaseAppDistribution-Beta */; };
		59E51BA52CD3123200FC75C0 /* FirebaseAuth in Frameworks */ = {isa = PBXBuildFile; productRef = 59E51BA42CD3123200FC75C0 /* FirebaseAuth */; };
		59E51BA72CD3123200FC75C0 /* FirebaseAuthCombine-Community in Frameworks */ = {isa = PBXBuildFile; productRef = 59E51BA62CD3123200FC75C0 /* FirebaseAuthCombine-Community */; };
		59E51BA92CD3123200FC75C0 /* FirebaseCore in Frameworks */ = {isa = PBXBuildFile; productRef = 59E51BA82CD3123200FC75C0 /* FirebaseCore */; };
		59E51BAB2CD3123200FC75C0 /* FirebaseCrashlytics in Frameworks */ = {isa = PBXBuildFile; productRef = 59E51BAA2CD3123200FC75C0 /* FirebaseCrashlytics */; };
		59E51BAD2CD3123200FC75C0 /* FirebaseDatabase in Frameworks */ = {isa = PBXBuildFile; productRef = 59E51BAC2CD3123200FC75C0 /* FirebaseDatabase */; };
		59E51BAF2CD3123200FC75C0 /* FirebaseDynamicLinks in Frameworks */ = {isa = PBXBuildFile; productRef = 59E51BAE2CD3123200FC75C0 /* FirebaseDynamicLinks */; };
		59E51BB12CD3123200FC75C0 /* FirebaseFirestore in Frameworks */ = {isa = PBXBuildFile; productRef = 59E51BB02CD3123200FC75C0 /* FirebaseFirestore */; };
		59E51BB32CD3123200FC75C0 /* FirebaseFirestoreCombine-Community in Frameworks */ = {isa = PBXBuildFile; productRef = 59E51BB22CD3123200FC75C0 /* FirebaseFirestoreCombine-Community */; };
		59E51BB52CD3123200FC75C0 /* FirebaseFunctions in Frameworks */ = {isa = PBXBuildFile; productRef = 59E51BB42CD3123200FC75C0 /* FirebaseFunctions */; };
		59E51BB72CD3123200FC75C0 /* FirebaseFunctionsCombine-Community in Frameworks */ = {isa = PBXBuildFile; productRef = 59E51BB62CD3123200FC75C0 /* FirebaseFunctionsCombine-Community */; };
		59E51BB92CD3123200FC75C0 /* FirebaseInAppMessaging-Beta in Frameworks */ = {isa = PBXBuildFile; productRef = 59E51BB82CD3123200FC75C0 /* FirebaseInAppMessaging-Beta */; };
		59E51BBB2CD3123200FC75C0 /* FirebaseInstallations in Frameworks */ = {isa = PBXBuildFile; productRef = 59E51BBA2CD3123200FC75C0 /* FirebaseInstallations */; };
		59E51BBD2CD3123200FC75C0 /* FirebaseMLModelDownloader in Frameworks */ = {isa = PBXBuildFile; productRef = 59E51BBC2CD3123200FC75C0 /* FirebaseMLModelDownloader */; };
		59E51BBF2CD3123200FC75C0 /* FirebaseMessaging in Frameworks */ = {isa = PBXBuildFile; productRef = 59E51BBE2CD3123200FC75C0 /* FirebaseMessaging */; };
		59E51BC12CD3123200FC75C0 /* FirebasePerformance in Frameworks */ = {isa = PBXBuildFile; productRef = 59E51BC02CD3123200FC75C0 /* FirebasePerformance */; };
		59E51BC32CD3123200FC75C0 /* FirebaseRemoteConfig in Frameworks */ = {isa = PBXBuildFile; productRef = 59E51BC22CD3123200FC75C0 /* FirebaseRemoteConfig */; };
		59E51BC52CD3123200FC75C0 /* FirebaseStorage in Frameworks */ = {isa = PBXBuildFile; productRef = 59E51BC42CD3123200FC75C0 /* FirebaseStorage */; };
		59E51BC72CD3123200FC75C0 /* FirebaseStorageCombine-Community in Frameworks */ = {isa = PBXBuildFile; productRef = 59E51BC62CD3123200FC75C0 /* FirebaseStorageCombine-Community */; };
		59E51BC92CD3123200FC75C0 /* FirebaseVertexAI in Frameworks */ = {isa = PBXBuildFile; productRef = 59E51BC82CD3123200FC75C0 /* FirebaseVertexAI */; };
/* End PBXBuildFile section */

/* Begin PBXContainerItemProxy section */
		59E51B762CD1AA9B00FC75C0 /* PBXContainerItemProxy */ = {
			isa = PBXContainerItemProxy;
			containerPortal = 59E51B5D2CD1AA9900FC75C0 /* Project object */;
			proxyType = 1;
			remoteGlobalIDString = 59E51B642CD1AA9900FC75C0;
			remoteInfo = KindMeal;
		};
		59E51B802CD1AA9B00FC75C0 /* PBXContainerItemProxy */ = {
			isa = PBXContainerItemProxy;
			containerPortal = 59E51B5D2CD1AA9900FC75C0 /* Project object */;
			proxyType = 1;
			remoteGlobalIDString = 59E51B642CD1AA9900FC75C0;
			remoteInfo = KindMeal;
		};
/* End PBXContainerItemProxy section */

/* Begin PBXFileReference section */
		59E51B652CD1AA9900FC75C0 /* KindMeal.app */ = {isa = PBXFileReference; explicitFileType = wrapper.application; includeInIndex = 0; path = KindMeal.app; sourceTree = BUILT_PRODUCTS_DIR; };
		59E51B752CD1AA9B00FC75C0 /* KindMealTests.xctest */ = {isa = PBXFileReference; explicitFileType = wrapper.cfbundle; includeInIndex = 0; path = KindMealTests.xctest; sourceTree = BUILT_PRODUCTS_DIR; };
		59E51B7F2CD1AA9B00FC75C0 /* KindMealUITests.xctest */ = {isa = PBXFileReference; explicitFileType = wrapper.cfbundle; includeInIndex = 0; path = KindMealUITests.xctest; sourceTree = BUILT_PRODUCTS_DIR; };
/* End PBXFileReference section */

/* Begin PBXFileSystemSynchronizedRootGroup section */
		59E51B672CD1AA9900FC75C0 /* KindMeal */ = {
			isa = PBXFileSystemSynchronizedRootGroup;
			path = KindMeal;
			sourceTree = "<group>";
		};
		59E51B782CD1AA9B00FC75C0 /* KindMealTests */ = {
			isa = PBXFileSystemSynchronizedRootGroup;
			path = KindMealTests;
			sourceTree = "<group>";
		};
		59E51B822CD1AA9B00FC75C0 /* KindMealUITests */ = {
			isa = PBXFileSystemSynchronizedRootGroup;
			path = KindMealUITests;
			sourceTree = "<group>";
		};
/* End PBXFileSystemSynchronizedRootGroup section */

/* Begin PBXFrameworksBuildPhase section */
		59E51B622CD1AA9900FC75C0 /* Frameworks */ = {
			isa = PBXFrameworksBuildPhase;
			buildActionMask = 2147483647;
			files = (
				59E51BB32CD3123200FC75C0 /* FirebaseFirestoreCombine-Community in Frameworks */,
				59E51BC92CD3123200FC75C0 /* FirebaseVertexAI in Frameworks */,
				59E51BB52CD3123200FC75C0 /* FirebaseFunctions in Frameworks */,
				59E51BC12CD3123200FC75C0 /* FirebasePerformance in Frameworks */,
				59E51BC72CD3123200FC75C0 /* FirebaseStorageCombine-Community in Frameworks */,
				59E51BC32CD3123200FC75C0 /* FirebaseRemoteConfig in Frameworks */,
				59E51BAD2CD3123200FC75C0 /* FirebaseDatabase in Frameworks */,
				59E51BAF2CD3123200FC75C0 /* FirebaseDynamicLinks in Frameworks */,
				59E51BA12CD3123200FC75C0 /* FirebaseAppCheck in Frameworks */,
				59E51BA52CD3123200FC75C0 /* FirebaseAuth in Frameworks */,
				59E51B9B2CD3123200FC75C0 /* FirebaseAnalytics in Frameworks */,
				59E51BB12CD3123200FC75C0 /* FirebaseFirestore in Frameworks */,
				59E51BBF2CD3123200FC75C0 /* FirebaseMessaging in Frameworks */,
				59E51BBB2CD3123200FC75C0 /* FirebaseInstallations in Frameworks */,
				59E51BB72CD3123200FC75C0 /* FirebaseFunctionsCombine-Community in Frameworks */,
				59E51BA32CD3123200FC75C0 /* FirebaseAppDistribution-Beta in Frameworks */,
				59E51B9F2CD3123200FC75C0 /* FirebaseAnalyticsWithoutAdIdSupport in Frameworks */,
				59E51BB92CD3123200FC75C0 /* FirebaseInAppMessaging-Beta in Frameworks */,
				59E51BA72CD3123200FC75C0 /* FirebaseAuthCombine-Community in Frameworks */,
				59E51BAB2CD3123200FC75C0 /* FirebaseCrashlytics in Frameworks */,
				59E51BBD2CD3123200FC75C0 /* FirebaseMLModelDownloader in Frameworks */,
				59E51BC52CD3123200FC75C0 /* FirebaseStorage in Frameworks */,
				59E51BA92CD3123200FC75C0 /* FirebaseCore in Frameworks */,
				59E51B9D2CD3123200FC75C0 /* FirebaseAnalyticsOnDeviceConversion in Frameworks */,
			);
			runOnlyForDeploymentPostprocessing = 0;
		};
		59E51B722CD1AA9B00FC75C0 /* Frameworks */ = {
			isa = PBXFrameworksBuildPhase;
			buildActionMask = 2147483647;
			files = (
			);
			runOnlyForDeploymentPostprocessing = 0;
		};
		59E51B7C2CD1AA9B00FC75C0 /* Frameworks */ = {
			isa = PBXFrameworksBuildPhase;
			buildActionMask = 2147483647;
			files = (
			);
			runOnlyForDeploymentPostprocessing = 0;
		};
/* End PBXFrameworksBuildPhase section */

/* Begin PBXGroup section */
		59E51B5C2CD1AA9900FC75C0 = {
			isa = PBXGroup;
			children = (
				59E51B672CD1AA9900FC75C0 /* KindMeal */,
				59E51B782CD1AA9B00FC75C0 /* KindMealTests */,
				59E51B822CD1AA9B00FC75C0 /* KindMealUITests */,
				59E51B662CD1AA9900FC75C0 /* Products */,
			);
			sourceTree = "<group>";
		};
		59E51B662CD1AA9900FC75C0 /* Products */ = {
			isa = PBXGroup;
			children = (
				59E51B652CD1AA9900FC75C0 /* KindMeal.app */,
				59E51B752CD1AA9B00FC75C0 /* KindMealTests.xctest */,
				59E51B7F2CD1AA9B00FC75C0 /* KindMealUITests.xctest */,
			);
			name = Products;
			sourceTree = "<group>";
		};
/* End PBXGroup section */

/* Begin PBXNativeTarget section */
		59E51B642CD1AA9900FC75C0 /* KindMeal */ = {
			isa = PBXNativeTarget;
			buildConfigurationList = 59E51B892CD1AA9B00FC75C0 /* Build configuration list for PBXNativeTarget "KindMeal" */;
			buildPhases = (
				59E51B612CD1AA9900FC75C0 /* Sources */,
				59E51B622CD1AA9900FC75C0 /* Frameworks */,
				59E51B632CD1AA9900FC75C0 /* Resources */,
			);
			buildRules = (
			);
			dependencies = (
			);
			fileSystemSynchronizedGroups = (
				59E51B672CD1AA9900FC75C0 /* KindMeal */,
			);
			name = KindMeal;
			packageProductDependencies = (
				59E51B9A2CD3123200FC75C0 /* FirebaseAnalytics */,
				59E51B9C2CD3123200FC75C0 /* FirebaseAnalyticsOnDeviceConversion */,
				59E51B9E2CD3123200FC75C0 /* FirebaseAnalyticsWithoutAdIdSupport */,
				59E51BA02CD3123200FC75C0 /* FirebaseAppCheck */,
				59E51BA22CD3123200FC75C0 /* FirebaseAppDistribution-Beta */,
				59E51BA42CD3123200FC75C0 /* FirebaseAuth */,
				59E51BA62CD3123200FC75C0 /* FirebaseAuthCombine-Community */,
				59E51BA82CD3123200FC75C0 /* FirebaseCore */,
				59E51BAA2CD3123200FC75C0 /* FirebaseCrashlytics */,
				59E51BAC2CD3123200FC75C0 /* FirebaseDatabase */,
				59E51BAE2CD3123200FC75C0 /* FirebaseDynamicLinks */,
				59E51BB02CD3123200FC75C0 /* FirebaseFirestore */,
				59E51BB22CD3123200FC75C0 /* FirebaseFirestoreCombine-Community */,
				59E51BB42CD3123200FC75C0 /* FirebaseFunctions */,
				59E51BB62CD3123200FC75C0 /* FirebaseFunctionsCombine-Community */,
				59E51BB82CD3123200FC75C0 /* FirebaseInAppMessaging-Beta */,
				59E51BBA2CD3123200FC75C0 /* FirebaseInstallations */,
				59E51BBC2CD3123200FC75C0 /* FirebaseMLModelDownloader */,
				59E51BBE2CD3123200FC75C0 /* FirebaseMessaging */,
				59E51BC02CD3123200FC75C0 /* FirebasePerformance */,
				59E51BC22CD3123200FC75C0 /* FirebaseRemoteConfig */,
				59E51BC42CD3123200FC75C0 /* FirebaseStorage */,
				59E51BC62CD3123200FC75C0 /* FirebaseStorageCombine-Community */,
				59E51BC82CD3123200FC75C0 /* FirebaseVertexAI */,
			);
			productName = KindMeal;
			productReference = 59E51B652CD1AA9900FC75C0 /* KindMeal.app */;
			productType = "com.apple.product-type.application";
		};
		59E51B742CD1AA9B00FC75C0 /* KindMealTests */ = {
			isa = PBXNativeTarget;
			buildConfigurationList = 59E51B8C2CD1AA9B00FC75C0 /* Build configuration list for PBXNativeTarget "KindMealTests" */;
			buildPhases = (
				59E51B712CD1AA9B00FC75C0 /* Sources */,
				59E51B722CD1AA9B00FC75C0 /* Frameworks */,
				59E51B732CD1AA9B00FC75C0 /* Resources */,
			);
			buildRules = (
			);
			dependencies = (
				59E51B772CD1AA9B00FC75C0 /* PBXTargetDependency */,
			);
			fileSystemSynchronizedGroups = (
				59E51B782CD1AA9B00FC75C0 /* KindMealTests */,
			);
			name = KindMealTests;
			packageProductDependencies = (
			);
			productName = KindMealTests;
			productReference = 59E51B752CD1AA9B00FC75C0 /* KindMealTests.xctest */;
			productType = "com.apple.product-type.bundle.unit-test";
		};
		59E51B7E2CD1AA9B00FC75C0 /* KindMealUITests */ = {
			isa = PBXNativeTarget;
			buildConfigurationList = 59E51B8F2CD1AA9B00FC75C0 /* Build configuration list for PBXNativeTarget "KindMealUITests" */;
			buildPhases = (
				59E51B7B2CD1AA9B00FC75C0 /* Sources */,
				59E51B7C2CD1AA9B00FC75C0 /* Frameworks */,
				59E51B7D2CD1AA9B00FC75C0 /* Resources */,
			);
			buildRules = (
			);
			dependencies = (
				59E51B812CD1AA9B00FC75C0 /* PBXTargetDependency */,
			);
			fileSystemSynchronizedGroups = (
				59E51B822CD1AA9B00FC75C0 /* KindMealUITests */,
			);
			name = KindMealUITests;
			packageProductDependencies = (
			);
			productName = KindMealUITests;
			productReference = 59E51B7F2CD1AA9B00FC75C0 /* KindMealUITests.xctest */;
			productType = "com.apple.product-type.bundle.ui-testing";
		};
/* End PBXNativeTarget section */

/* Begin PBXProject section */
		59E51B5D2CD1AA9900FC75C0 /* Project object */ = {
			isa = PBXProject;
			attributes = {
				BuildIndependentTargetsInParallel = 1;
				LastSwiftUpdateCheck = 1610;
				LastUpgradeCheck = 1610;
				TargetAttributes = {
					59E51B642CD1AA9900FC75C0 = {
						CreatedOnToolsVersion = 16.1;
					};
					59E51B742CD1AA9B00FC75C0 = {
						CreatedOnToolsVersion = 16.1;
						TestTargetID = 59E51B642CD1AA9900FC75C0;
					};
					59E51B7E2CD1AA9B00FC75C0 = {
						CreatedOnToolsVersion = 16.1;
						TestTargetID = 59E51B642CD1AA9900FC75C0;
					};
				};
			};
			buildConfigurationList = 59E51B602CD1AA9900FC75C0 /* Build configuration list for PBXProject "KindMeal" */;
			developmentRegion = en;
			hasScannedForEncodings = 0;
			knownRegions = (
				en,
				Base,
			);
			mainGroup = 59E51B5C2CD1AA9900FC75C0;
			minimizedProjectReferenceProxies = 1;
			packageReferences = (
				59E51B992CD3123200FC75C0 /* XCRemoteSwiftPackageReference "firebase-ios-sdk" */,
			);
			preferredProjectObjectVersion = 77;
			productRefGroup = 59E51B662CD1AA9900FC75C0 /* Products */;
			projectDirPath = "";
			projectRoot = "";
			targets = (
				59E51B642CD1AA9900FC75C0 /* KindMeal */,
				59E51B742CD1AA9B00FC75C0 /* KindMealTests */,
				59E51B7E2CD1AA9B00FC75C0 /* KindMealUITests */,
			);
		};
/* End PBXProject section */

/* Begin PBXResourcesBuildPhase section */
		59E51B632CD1AA9900FC75C0 /* Resources */ = {
			isa = PBXResourcesBuildPhase;
			buildActionMask = 2147483647;
			files = (
			);
			runOnlyForDeploymentPostprocessing = 0;
		};
		59E51B732CD1AA9B00FC75C0 /* Resources */ = {
			isa = PBXResourcesBuildPhase;
			buildActionMask = 2147483647;
			files = (
			);
			runOnlyForDeploymentPostprocessing = 0;
		};
		59E51B7D2CD1AA9B00FC75C0 /* Resources */ = {
			isa = PBXResourcesBuildPhase;
			buildActionMask = 2147483647;
			files = (
			);
			runOnlyForDeploymentPostprocessing = 0;
		};
/* End PBXResourcesBuildPhase section */

/* Begin PBXSourcesBuildPhase section */
		59E51B612CD1AA9900FC75C0 /* Sources */ = {
			isa = PBXSourcesBuildPhase;
			buildActionMask = 2147483647;
			files = (
			);
			runOnlyForDeploymentPostprocessing = 0;
		};
		59E51B712CD1AA9B00FC75C0 /* Sources */ = {
			isa = PBXSourcesBuildPhase;
			buildActionMask = 2147483647;
			files = (
			);
			runOnlyForDeploymentPostprocessing = 0;
		};
		59E51B7B2CD1AA9B00FC75C0 /* Sources */ = {
			isa = PBXSourcesBuildPhase;
			buildActionMask = 2147483647;
			files = (
			);
			runOnlyForDeploymentPostprocessing = 0;
		};
/* End PBXSourcesBuildPhase section */

/* Begin PBXTargetDependency section */
		59E51B772CD1AA9B00FC75C0 /* PBXTargetDependency */ = {
			isa = PBXTargetDependency;
			target = 59E51B642CD1AA9900FC75C0 /* KindMeal */;
			targetProxy = 59E51B762CD1AA9B00FC75C0 /* PBXContainerItemProxy */;
		};
		59E51B812CD1AA9B00FC75C0 /* PBXTargetDependency */ = {
			isa = PBXTargetDependency;
			target = 59E51B642CD1AA9900FC75C0 /* KindMeal */;
			targetProxy = 59E51B802CD1AA9B00FC75C0 /* PBXContainerItemProxy */;
		};
/* End PBXTargetDependency section */

/* Begin XCBuildConfiguration section */
		59E51B872CD1AA9B00FC75C0 /* Debug */ = {
			isa = XCBuildConfiguration;
			buildSettings = {
				ALWAYS_SEARCH_USER_PATHS = NO;
				ASSETCATALOG_COMPILER_GENERATE_SWIFT_ASSET_SYMBOL_EXTENSIONS = YES;
				CLANG_ANALYZER_NONNULL = YES;
				CLANG_ANALYZER_NUMBER_OBJECT_CONVERSION = YES_AGGRESSIVE;
				CLANG_CXX_LANGUAGE_STANDARD = "gnu++20";
				CLANG_ENABLE_MODULES = YES;
				CLANG_ENABLE_OBJC_ARC = YES;
				CLANG_ENABLE_OBJC_WEAK = YES;
				CLANG_WARN_BLOCK_CAPTURE_AUTORELEASING = YES;
				CLANG_WARN_BOOL_CONVERSION = YES;
				CLANG_WARN_COMMA = YES;
				CLANG_WARN_CONSTANT_CONVERSION = YES;
				CLANG_WARN_DEPRECATED_OBJC_IMPLEMENTATIONS = YES;
				CLANG_WARN_DIRECT_OBJC_ISA_USAGE = YES_ERROR;
				CLANG_WARN_DOCUMENTATION_COMMENTS = YES;
				CLANG_WARN_EMPTY_BODY = YES;
				CLANG_WARN_ENUM_CONVERSION = YES;
				CLANG_WARN_INFINITE_RECURSION = YES;
				CLANG_WARN_INT_CONVERSION = YES;
				CLANG_WARN_NON_LITERAL_NULL_CONVERSION = YES;
				CLANG_WARN_OBJC_IMPLICIT_RETAIN_SELF = YES;
				CLANG_WARN_OBJC_LITERAL_CONVERSION = YES;
				CLANG_WARN_OBJC_ROOT_CLASS = YES_ERROR;
				CLANG_WARN_QUOTED_INCLUDE_IN_FRAMEWORK_HEADER = YES;
				CLANG_WARN_RANGE_LOOP_ANALYSIS = YES;
				CLANG_WARN_STRICT_PROTOTYPES = YES;
				CLANG_WARN_SUSPICIOUS_MOVE = YES;
				CLANG_WARN_UNGUARDED_AVAILABILITY = YES_AGGRESSIVE;
				CLANG_WARN_UNREACHABLE_CODE = YES;
				CLANG_WARN__DUPLICATE_METHOD_MATCH = YES;
				COPY_PHASE_STRIP = NO;
				DEBUG_INFORMATION_FORMAT = dwarf;
				ENABLE_STRICT_OBJC_MSGSEND = YES;
				ENABLE_TESTABILITY = YES;
				ENABLE_USER_SCRIPT_SANDBOXING = YES;
				GCC_C_LANGUAGE_STANDARD = gnu17;
				GCC_DYNAMIC_NO_PIC = NO;
				GCC_NO_COMMON_BLOCKS = YES;
				GCC_OPTIMIZATION_LEVEL = 0;
				GCC_PREPROCESSOR_DEFINITIONS = (
					"DEBUG=1",
					"$(inherited)",
				);
				GCC_WARN_64_TO_32_BIT_CONVERSION = YES;
				GCC_WARN_ABOUT_RETURN_TYPE = YES_ERROR;
				GCC_WARN_UNDECLARED_SELECTOR = YES;
				GCC_WARN_UNINITIALIZED_AUTOS = YES_AGGRESSIVE;
				GCC_WARN_UNUSED_FUNCTION = YES;
				GCC_WARN_UNUSED_VARIABLE = YES;
				IPHONEOS_DEPLOYMENT_TARGET = 18.1;
				LOCALIZATION_PREFERS_STRING_CATALOGS = YES;
				MTL_ENABLE_DEBUG_INFO = INCLUDE_SOURCE;
				MTL_FAST_MATH = YES;
				ONLY_ACTIVE_ARCH = YES;
				SDKROOT = iphoneos;
				SWIFT_ACTIVE_COMPILATION_CONDITIONS = "DEBUG $(inherited)";
				SWIFT_OPTIMIZATION_LEVEL = "-Onone";
			};
			name = Debug;
		};
		59E51B882CD1AA9B00FC75C0 /* Release */ = {
			isa = XCBuildConfiguration;
			buildSettings = {
				ALWAYS_SEARCH_USER_PATHS = NO;
				ASSETCATALOG_COMPILER_GENERATE_SWIFT_ASSET_SYMBOL_EXTENSIONS = YES;
				CLANG_ANALYZER_NONNULL = YES;
				CLANG_ANALYZER_NUMBER_OBJECT_CONVERSION = YES_AGGRESSIVE;
				CLANG_CXX_LANGUAGE_STANDARD = "gnu++20";
				CLANG_ENABLE_MODULES = YES;
				CLANG_ENABLE_OBJC_ARC = YES;
				CLANG_ENABLE_OBJC_WEAK = YES;
				CLANG_WARN_BLOCK_CAPTURE_AUTORELEASING = YES;
				CLANG_WARN_BOOL_CONVERSION = YES;
				CLANG_WARN_COMMA = YES;
				CLANG_WARN_CONSTANT_CONVERSION = YES;
				CLANG_WARN_DEPRECATED_OBJC_IMPLEMENTATIONS = YES;
				CLANG_WARN_DIRECT_OBJC_ISA_USAGE = YES_ERROR;
				CLANG_WARN_DOCUMENTATION_COMMENTS = YES;
				CLANG_WARN_EMPTY_BODY = YES;
				CLANG_WARN_ENUM_CONVERSION = YES;
				CLANG_WARN_INFINITE_RECURSION = YES;
				CLANG_WARN_INT_CONVERSION = YES;
				CLANG_WARN_NON_LITERAL_NULL_CONVERSION = YES;
				CLANG_WARN_OBJC_IMPLICIT_RETAIN_SELF = YES;
				CLANG_WARN_OBJC_LITERAL_CONVERSION = YES;
				CLANG_WARN_OBJC_ROOT_CLASS = YES_ERROR;
				CLANG_WARN_QUOTED_INCLUDE_IN_FRAMEWORK_HEADER = YES;
				CLANG_WARN_RANGE_LOOP_ANALYSIS = YES;
				CLANG_WARN_STRICT_PROTOTYPES = YES;
				CLANG_WARN_SUSPICIOUS_MOVE = YES;
				CLANG_WARN_UNGUARDED_AVAILABILITY = YES_AGGRESSIVE;
				CLANG_WARN_UNREACHABLE_CODE = YES;
				CLANG_WARN__DUPLICATE_METHOD_MATCH = YES;
				COPY_PHASE_STRIP = NO;
				DEBUG_INFORMATION_FORMAT = "dwarf-with-dsym";
				ENABLE_NS_ASSERTIONS = NO;
				ENABLE_STRICT_OBJC_MSGSEND = YES;
				ENABLE_USER_SCRIPT_SANDBOXING = YES;
				GCC_C_LANGUAGE_STANDARD = gnu17;
				GCC_NO_COMMON_BLOCKS = YES;
				GCC_WARN_64_TO_32_BIT_CONVERSION = YES;
				GCC_WARN_ABOUT_RETURN_TYPE = YES_ERROR;
				GCC_WARN_UNDECLARED_SELECTOR = YES;
				GCC_WARN_UNINITIALIZED_AUTOS = YES_AGGRESSIVE;
				GCC_WARN_UNUSED_FUNCTION = YES;
				GCC_WARN_UNUSED_VARIABLE = YES;
				IPHONEOS_DEPLOYMENT_TARGET = 18.1;
				LOCALIZATION_PREFERS_STRING_CATALOGS = YES;
				MTL_ENABLE_DEBUG_INFO = NO;
				MTL_FAST_MATH = YES;
				SDKROOT = iphoneos;
				SWIFT_COMPILATION_MODE = wholemodule;
				VALIDATE_PRODUCT = YES;
			};
			name = Release;
		};
		59E51B8A2CD1AA9B00FC75C0 /* Debug */ = {
			isa = XCBuildConfiguration;
			buildSettings = {
				ASSETCATALOG_COMPILER_APPICON_NAME = AppIcon;
				ASSETCATALOG_COMPILER_GLOBAL_ACCENT_COLOR_NAME = AccentColor;
				CODE_SIGN_STYLE = Automatic;
				CURRENT_PROJECT_VERSION = 1;
				DEVELOPMENT_ASSET_PATHS = "\"KindMeal/Preview Content\"";
				ENABLE_PREVIEWS = YES;
				GENERATE_INFOPLIST_FILE = YES;
				INFOPLIST_KEY_UIApplicationSceneManifest_Generation = YES;
				INFOPLIST_KEY_UIApplicationSupportsIndirectInputEvents = YES;
				INFOPLIST_KEY_UILaunchScreen_Generation = YES;
				INFOPLIST_KEY_UISupportedInterfaceOrientations_iPad = "UIInterfaceOrientationPortrait UIInterfaceOrientationPortraitUpsideDown UIInterfaceOrientationLandscapeLeft UIInterfaceOrientationLandscapeRight";
				INFOPLIST_KEY_UISupportedInterfaceOrientations_iPhone = "UIInterfaceOrientationPortrait UIInterfaceOrientationLandscapeLeft UIInterfaceOrientationLandscapeRight";
				LD_RUNPATH_SEARCH_PATHS = (
					"$(inherited)",
					"@executable_path/Frameworks",
				);
				MARKETING_VERSION = 1.0;
				PRODUCT_BUNDLE_IDENTIFIER = com.nabeel.KindMeal;
				PRODUCT_NAME = "$(TARGET_NAME)";
				SWIFT_EMIT_LOC_STRINGS = YES;
				SWIFT_VERSION = 5.0;
				TARGETED_DEVICE_FAMILY = "1,2";
			};
			name = Debug;
		};
		59E51B8B2CD1AA9B00FC75C0 /* Release */ = {
			isa = XCBuildConfiguration;
			buildSettings = {
				ASSETCATALOG_COMPILER_APPICON_NAME = AppIcon;
				ASSETCATALOG_COMPILER_GLOBAL_ACCENT_COLOR_NAME = AccentColor;
				CODE_SIGN_STYLE = Automatic;
				CURRENT_PROJECT_VERSION = 1;
				DEVELOPMENT_ASSET_PATHS = "\"KindMeal/Preview Content\"";
				ENABLE_PREVIEWS = YES;
				GENERATE_INFOPLIST_FILE = YES;
				INFOPLIST_KEY_UIApplicationSceneManifest_Generation = YES;
				INFOPLIST_KEY_UIApplicationSupportsIndirectInputEvents = YES;
				INFOPLIST_KEY_UILaunchScreen_Generation = YES;
				INFOPLIST_KEY_UISupportedInterfaceOrientations_iPad = "UIInterfaceOrientationPortrait UIInterfaceOrientationPortraitUpsideDown UIInterfaceOrientationLandscapeLeft UIInterfaceOrientationLandscapeRight";
				INFOPLIST_KEY_UISupportedInterfaceOrientations_iPhone = "UIInterfaceOrientationPortrait UIInterfaceOrientationLandscapeLeft UIInterfaceOrientationLandscapeRight";
				LD_RUNPATH_SEARCH_PATHS = (
					"$(inherited)",
					"@executable_path/Frameworks",
				);
				MARKETING_VERSION = 1.0;
				PRODUCT_BUNDLE_IDENTIFIER = com.nabeel.KindMeal;
				PRODUCT_NAME = "$(TARGET_NAME)";
				SWIFT_EMIT_LOC_STRINGS = YES;
				SWIFT_VERSION = 5.0;
				TARGETED_DEVICE_FAMILY = "1,2";
			};
			name = Release;
		};
		59E51B8D2CD1AA9B00FC75C0 /* Debug */ = {
			isa = XCBuildConfiguration;
			buildSettings = {
				BUNDLE_LOADER = "$(TEST_HOST)";
				CODE_SIGN_STYLE = Automatic;
				CURRENT_PROJECT_VERSION = 1;
				GENERATE_INFOPLIST_FILE = YES;
				IPHONEOS_DEPLOYMENT_TARGET = 18.1;
				MARKETING_VERSION = 1.0;
				PRODUCT_BUNDLE_IDENTIFIER = com.nabeel.KindMealTests;
				PRODUCT_NAME = "$(TARGET_NAME)";
				SWIFT_EMIT_LOC_STRINGS = NO;
				SWIFT_VERSION = 5.0;
				TARGETED_DEVICE_FAMILY = "1,2";
				TEST_HOST = "$(BUILT_PRODUCTS_DIR)/KindMeal.app/$(BUNDLE_EXECUTABLE_FOLDER_PATH)/KindMeal";
			};
			name = Debug;
		};
		59E51B8E2CD1AA9B00FC75C0 /* Release */ = {
			isa = XCBuildConfiguration;
			buildSettings = {
				BUNDLE_LOADER = "$(TEST_HOST)";
				CODE_SIGN_STYLE = Automatic;
				CURRENT_PROJECT_VERSION = 1;
				GENERATE_INFOPLIST_FILE = YES;
				IPHONEOS_DEPLOYMENT_TARGET = 18.1;
				MARKETING_VERSION = 1.0;
				PRODUCT_BUNDLE_IDENTIFIER = com.nabeel.KindMealTests;
				PRODUCT_NAME = "$(TARGET_NAME)";
				SWIFT_EMIT_LOC_STRINGS = NO;
				SWIFT_VERSION = 5.0;
				TARGETED_DEVICE_FAMILY = "1,2";
				TEST_HOST = "$(BUILT_PRODUCTS_DIR)/KindMeal.app/$(BUNDLE_EXECUTABLE_FOLDER_PATH)/KindMeal";
			};
			name = Release;
		};
		59E51B902CD1AA9B00FC75C0 /* Debug */ = {
			isa = XCBuildConfiguration;
			buildSettings = {
				CODE_SIGN_STYLE = Automatic;
				CURRENT_PROJECT_VERSION = 1;
				GENERATE_INFOPLIST_FILE = YES;
				MARKETING_VERSION = 1.0;
				PRODUCT_BUNDLE_IDENTIFIER = com.nabeel.KindMealUITests;
				PRODUCT_NAME = "$(TARGET_NAME)";
				SWIFT_EMIT_LOC_STRINGS = NO;
				SWIFT_VERSION = 5.0;
				TARGETED_DEVICE_FAMILY = "1,2";
				TEST_TARGET_NAME = KindMeal;
			};
			name = Debug;
		};
		59E51B912CD1AA9B00FC75C0 /* Release */ = {
			isa = XCBuildConfiguration;
			buildSettings = {
				CODE_SIGN_STYLE = Automatic;
				CURRENT_PROJECT_VERSION = 1;
				GENERATE_INFOPLIST_FILE = YES;
				MARKETING_VERSION = 1.0;
				PRODUCT_BUNDLE_IDENTIFIER = com.nabeel.KindMealUITests;
				PRODUCT_NAME = "$(TARGET_NAME)";
				SWIFT_EMIT_LOC_STRINGS = NO;
				SWIFT_VERSION = 5.0;
				TARGETED_DEVICE_FAMILY = "1,2";
				TEST_TARGET_NAME = KindMeal;
			};
			name = Release;
		};
/* End XCBuildConfiguration section */

/* Begin XCConfigurationList section */
		59E51B602CD1AA9900FC75C0 /* Build configuration list for PBXProject "KindMeal" */ = {
			isa = XCConfigurationList;
			buildConfigurations = (
				59E51B872CD1AA9B00FC75C0 /* Debug */,
				59E51B882CD1AA9B00FC75C0 /* Release */,
			);
			defaultConfigurationIsVisible = 0;
			defaultConfigurationName = Release;
		};
		59E51B892CD1AA9B00FC75C0 /* Build configuration list for PBXNativeTarget "KindMeal" */ = {
			isa = XCConfigurationList;
			buildConfigurations = (
				59E51B8A2CD1AA9B00FC75C0 /* Debug */,
				59E51B8B2CD1AA9B00FC75C0 /* Release */,
			);
			defaultConfigurationIsVisible = 0;
			defaultConfigurationName = Release;
		};
		59E51B8C2CD1AA9B00FC75C0 /* Build configuration list for PBXNativeTarget "KindMealTests" */ = {
			isa = XCConfigurationList;
			buildConfigurations = (
				59E51B8D2CD1AA9B00FC75C0 /* Debug */,
				59E51B8E2CD1AA9B00FC75C0 /* Release */,
			);
			defaultConfigurationIsVisible = 0;
			defaultConfigurationName = Release;
		};
		59E51B8F2CD1AA9B00FC75C0 /* Build configuration list for PBXNativeTarget "KindMealUITests" */ = {
			isa = XCConfigurationList;
			buildConfigurations = (
				59E51B902CD1AA9B00FC75C0 /* Debug */,
				59E51B912CD1AA9B00FC75C0 /* Release */,
			);
			defaultConfigurationIsVisible = 0;
			defaultConfigurationName = Release;
		};
/* End XCConfigurationList section */

/* Begin XCRemoteSwiftPackageReference section */
		59E51B992CD3123200FC75C0 /* XCRemoteSwiftPackageReference "firebase-ios-sdk" */ = {
			isa = XCRemoteSwiftPackageReference;
			repositoryURL = "https://github.com/firebase/firebase-ios-sdk.git";
			requirement = {
				kind = upToNextMajorVersion;
				minimumVersion = 11.4.0;
			};
		};
/* End XCRemoteSwiftPackageReference section */

/* Begin XCSwiftPackageProductDependency section */
		59E51B9A2CD3123200FC75C0 /* FirebaseAnalytics */ = {
			isa = XCSwiftPackageProductDependency;
			package = 59E51B992CD3123200FC75C0 /* XCRemoteSwiftPackageReference "firebase-ios-sdk" */;
			productName = FirebaseAnalytics;
		};
		59E51B9C2CD3123200FC75C0 /* FirebaseAnalyticsOnDeviceConversion */ = {
			isa = XCSwiftPackageProductDependency;
			package = 59E51B992CD3123200FC75C0 /* XCRemoteSwiftPackageReference "firebase-ios-sdk" */;
			productName = FirebaseAnalyticsOnDeviceConversion;
		};
		59E51B9E2CD3123200FC75C0 /* FirebaseAnalyticsWithoutAdIdSupport */ = {
			isa = XCSwiftPackageProductDependency;
			package = 59E51B992CD3123200FC75C0 /* XCRemoteSwiftPackageReference "firebase-ios-sdk" */;
			productName = FirebaseAnalyticsWithoutAdIdSupport;
		};
		59E51BA02CD3123200FC75C0 /* FirebaseAppCheck */ = {
			isa = XCSwiftPackageProductDependency;
			package = 59E51B992CD3123200FC75C0 /* XCRemoteSwiftPackageReference "firebase-ios-sdk" */;
			productName = FirebaseAppCheck;
		};
		59E51BA22CD3123200FC75C0 /* FirebaseAppDistribution-Beta */ = {
			isa = XCSwiftPackageProductDependency;
			package = 59E51B992CD3123200FC75C0 /* XCRemoteSwiftPackageReference "firebase-ios-sdk" */;
			productName = "FirebaseAppDistribution-Beta";
		};
		59E51BA42CD3123200FC75C0 /* FirebaseAuth */ = {
			isa = XCSwiftPackageProductDependency;
			package = 59E51B992CD3123200FC75C0 /* XCRemoteSwiftPackageReference "firebase-ios-sdk" */;
			productName = FirebaseAuth;
		};
		59E51BA62CD3123200FC75C0 /* FirebaseAuthCombine-Community */ = {
			isa = XCSwiftPackageProductDependency;
			package = 59E51B992CD3123200FC75C0 /* XCRemoteSwiftPackageReference "firebase-ios-sdk" */;
			productName = "FirebaseAuthCombine-Community";
		};
		59E51BA82CD3123200FC75C0 /* FirebaseCore */ = {
			isa = XCSwiftPackageProductDependency;
			package = 59E51B992CD3123200FC75C0 /* XCRemoteSwiftPackageReference "firebase-ios-sdk" */;
			productName = FirebaseCore;
		};
		59E51BAA2CD3123200FC75C0 /* FirebaseCrashlytics */ = {
			isa = XCSwiftPackageProductDependency;
			package = 59E51B992CD3123200FC75C0 /* XCRemoteSwiftPackageReference "firebase-ios-sdk" */;
			productName = FirebaseCrashlytics;
		};
		59E51BAC2CD3123200FC75C0 /* FirebaseDatabase */ = {
			isa = XCSwiftPackageProductDependency;
			package = 59E51B992CD3123200FC75C0 /* XCRemoteSwiftPackageReference "firebase-ios-sdk" */;
			productName = FirebaseDatabase;
		};
		59E51BAE2CD3123200FC75C0 /* FirebaseDynamicLinks */ = {
			isa = XCSwiftPackageProductDependency;
			package = 59E51B992CD3123200FC75C0 /* XCRemoteSwiftPackageReference "firebase-ios-sdk" */;
			productName = FirebaseDynamicLinks;
		};
		59E51BB02CD3123200FC75C0 /* FirebaseFirestore */ = {
			isa = XCSwiftPackageProductDependency;
			package = 59E51B992CD3123200FC75C0 /* XCRemoteSwiftPackageReference "firebase-ios-sdk" */;
			productName = FirebaseFirestore;
		};
		59E51BB22CD3123200FC75C0 /* FirebaseFirestoreCombine-Community */ = {
			isa = XCSwiftPackageProductDependency;
			package = 59E51B992CD3123200FC75C0 /* XCRemoteSwiftPackageReference "firebase-ios-sdk" */;
			productName = "FirebaseFirestoreCombine-Community";
		};
		59E51BB42CD3123200FC75C0 /* FirebaseFunctions */ = {
			isa = XCSwiftPackageProductDependency;
			package = 59E51B992CD3123200FC75C0 /* XCRemoteSwiftPackageReference "firebase-ios-sdk" */;
			productName = FirebaseFunctions;
		};
		59E51BB62CD3123200FC75C0 /* FirebaseFunctionsCombine-Community */ = {
			isa = XCSwiftPackageProductDependency;
			package = 59E51B992CD3123200FC75C0 /* XCRemoteSwiftPackageReference "firebase-ios-sdk" */;
			productName = "FirebaseFunctionsCombine-Community";
		};
		59E51BB82CD3123200FC75C0 /* FirebaseInAppMessaging-Beta */ = {
			isa = XCSwiftPackageProductDependency;
			package = 59E51B992CD3123200FC75C0 /* XCRemoteSwiftPackageReference "firebase-ios-sdk" */;
			productName = "FirebaseInAppMessaging-Beta";
		};
		59E51BBA2CD3123200FC75C0 /* FirebaseInstallations */ = {
			isa = XCSwiftPackageProductDependency;
			package = 59E51B992CD3123200FC75C0 /* XCRemoteSwiftPackageReference "firebase-ios-sdk" */;
			productName = FirebaseInstallations;
		};
		59E51BBC2CD3123200FC75C0 /* FirebaseMLModelDownloader */ = {
			isa = XCSwiftPackageProductDependency;
			package = 59E51B992CD3123200FC75C0 /* XCRemoteSwiftPackageReference "firebase-ios-sdk" */;
			productName = FirebaseMLModelDownloader;
		};
		59E51BBE2CD3123200FC75C0 /* FirebaseMessaging */ = {
			isa = XCSwiftPackageProductDependency;
			package = 59E51B992CD3123200FC75C0 /* XCRemoteSwiftPackageReference "firebase-ios-sdk" */;
			productName = FirebaseMessaging;
		};
		59E51BC02CD3123200FC75C0 /* FirebasePerformance */ = {
			isa = XCSwiftPackageProductDependency;
			package = 59E51B992CD3123200FC75C0 /* XCRemoteSwiftPackageReference "firebase-ios-sdk" */;
			productName = FirebasePerformance;
		};
		59E51BC22CD3123200FC75C0 /* FirebaseRemoteConfig */ = {
			isa = XCSwiftPackageProductDependency;
			package = 59E51B992CD3123200FC75C0 /* XCRemoteSwiftPackageReference "firebase-ios-sdk" */;
			productName = FirebaseRemoteConfig;
		};
		59E51BC42CD3123200FC75C0 /* FirebaseStorage */ = {
			isa = XCSwiftPackageProductDependency;
			package = 59E51B992CD3123200FC75C0 /* XCRemoteSwiftPackageReference "firebase-ios-sdk" */;
			productName = FirebaseStorage;
		};
		59E51BC62CD3123200FC75C0 /* FirebaseStorageCombine-Community */ = {
			isa = XCSwiftPackageProductDependency;
			package = 59E51B992CD3123200FC75C0 /* XCRemoteSwiftPackageReference "firebase-ios-sdk" */;
			productName = "FirebaseStorageCombine-Community";
		};
		59E51BC82CD3123200FC75C0 /* FirebaseVertexAI */ = {
			isa = XCSwiftPackageProductDependency;
			package = 59E51B992CD3123200FC75C0 /* XCRemoteSwiftPackageReference "firebase-ios-sdk" */;
			productName = FirebaseVertexAI;
		};
/* End XCSwiftPackageProductDependency section */
	};
	rootObject = 59E51B5D2CD1AA9900FC75C0 /* Project object */;
}
